// !$*UTF8*$!
{
	archiveVersion = 1;
	classes = {
	};
	objectVersion = 50;
	objects = {

/* Begin PBXBuildFile section */
		FADFED592547CA7E00097BD9 /* AppDelegate.swift in Sources */ = {isa = PBXBuildFile; fileRef = FADFED582547CA7E00097BD9 /* AppDelegate.swift */; };
		FADFED5B2547CA7E00097BD9 /* SceneDelegate.swift in Sources */ = {isa = PBXBuildFile; fileRef = FADFED5A2547CA7E00097BD9 /* SceneDelegate.swift */; };
		FADFED5D2547CA7E00097BD9 /* ViewController.swift in Sources */ = {isa = PBXBuildFile; fileRef = FADFED5C2547CA7E00097BD9 /* ViewController.swift */; };
		FADFED602547CA7E00097BD9 /* Main.storyboard in Resources */ = {isa = PBXBuildFile; fileRef = FADFED5E2547CA7E00097BD9 /* Main.storyboard */; };
		FADFED622547CA7E00097BD9 /* Assets.xcassets in Resources */ = {isa = PBXBuildFile; fileRef = FADFED612547CA7E00097BD9 /* Assets.xcassets */; };
		FADFED652547CA7E00097BD9 /* LaunchScreen.storyboard in Resources */ = {isa = PBXBuildFile; fileRef = FADFED632547CA7E00097BD9 /* LaunchScreen.storyboard */; };
		FADFED6F2547D2E500097BD9 /* Animal.swift in Sources */ = {isa = PBXBuildFile; fileRef = FADFED6E2547D2E500097BD9 /* Animal.swift */; };
		FADFED722547D31300097BD9 /* Cat.swift in Sources */ = {isa = PBXBuildFile; fileRef = FADFED712547D31300097BD9 /* Cat.swift */; };
		FADFED752547D33800097BD9 /* Cow.swift in Sources */ = {isa = PBXBuildFile; fileRef = FADFED742547D33800097BD9 /* Cow.swift */; };
/* End PBXBuildFile section */

/* Begin PBXFileReference section */
		FADFED552547CA7E00097BD9 /* Polimorfismo.app */ = {isa = PBXFileReference; explicitFileType = wrapper.application; includeInIndex = 0; path = Polimorfismo.app; sourceTree = BUILT_PRODUCTS_DIR; };
		FADFED582547CA7E00097BD9 /* AppDelegate.swift */ = {isa = PBXFileReference; lastKnownFileType = sourcecode.swift; path = AppDelegate.swift; sourceTree = "<group>"; };
		FADFED5A2547CA7E00097BD9 /* SceneDelegate.swift */ = {isa = PBXFileReference; lastKnownFileType = sourcecode.swift; path = SceneDelegate.swift; sourceTree = "<group>"; };
		FADFED5C2547CA7E00097BD9 /* ViewController.swift */ = {isa = PBXFileReference; lastKnownFileType = sourcecode.swift; path = ViewController.swift; sourceTree = "<group>"; };
		FADFED5F2547CA7E00097BD9 /* Base */ = {isa = PBXFileReference; lastKnownFileType = file.storyboard; name = Base; path = Base.lproj/Main.storyboard; sourceTree = "<group>"; };
		FADFED612547CA7E00097BD9 /* Assets.xcassets */ = {isa = PBXFileReference; lastKnownFileType = folder.assetcatalog; path = Assets.xcassets; sourceTree = "<group>"; };
		FADFED642547CA7E00097BD9 /* Base */ = {isa = PBXFileReference; lastKnownFileType = file.storyboard; name = Base; path = Base.lproj/LaunchScreen.storyboard; sourceTree = "<group>"; };
		FADFED662547CA7E00097BD9 /* Info.plist */ = {isa = PBXFileReference; lastKnownFileType = text.plist.xml; path = Info.plist; sourceTree = "<group>"; };
		FADFED6E2547D2E500097BD9 /* Animal.swift */ = {isa = PBXFileReference; lastKnownFileType = sourcecode.swift; path = Animal.swift; sourceTree = "<group>"; };
		FADFED712547D31300097BD9 /* Cat.swift */ = {isa = PBXFileReference; lastKnownFileType = sourcecode.swift; path = Cat.swift; sourceTree = "<group>"; };
		FADFED742547D33800097BD9 /* Cow.swift */ = {isa = PBXFileReference; lastKnownFileType = sourcecode.swift; path = Cow.swift; sourceTree = "<group>"; };
/* End PBXFileReference section */

/* Begin PBXFrameworksBuildPhase section */
		FADFED522547CA7E00097BD9 /* Frameworks */ = {
			isa = PBXFrameworksBuildPhase;
			buildActionMask = 2147483647;
			files = (
			);
			runOnlyForDeploymentPostprocessing = 0;
		};
/* End PBXFrameworksBuildPhase section */

/* Begin PBXGroup section */
		FADFED4C2547CA7E00097BD9 = {
			isa = PBXGroup;
			children = (
				FADFED572547CA7E00097BD9 /* Polimorfismo */,
				FADFED562547CA7E00097BD9 /* Products */,
			);
			sourceTree = "<group>";
		};
		FADFED562547CA7E00097BD9 /* Products */ = {
			isa = PBXGroup;
			children = (
				FADFED552547CA7E00097BD9 /* Polimorfismo.app */,
			);
			name = Products;
			sourceTree = "<group>";
		};
		FADFED572547CA7E00097BD9 /* Polimorfismo */ = {
			isa = PBXGroup;
			children = (
				FADFED6E2547D2E500097BD9 /* Animal.swift */,
				FADFED712547D31300097BD9 /* Cat.swift */,
				FADFED742547D33800097BD9 /* Cow.swift */,
				FADFED582547CA7E00097BD9 /* AppDelegate.swift */,
				FADFED5A2547CA7E00097BD9 /* SceneDelegate.swift */,
				FADFED5C2547CA7E00097BD9 /* ViewController.swift */,
				FADFED5E2547CA7E00097BD9 /* Main.storyboard */,
				FADFED612547CA7E00097BD9 /* Assets.xcassets */,
				FADFED632547CA7E00097BD9 /* LaunchScreen.storyboard */,
				FADFED662547CA7E00097BD9 /* Info.plist */,
			);
			path = Polimorfismo;
			sourceTree = "<group>";
		};
/* End PBXGroup section */

/* Begin PBXNativeTarget section */
		FADFED542547CA7E00097BD9 /* Polimorfismo */ = {
			isa = PBXNativeTarget;
			buildConfigurationList = FADFED692547CA7E00097BD9 /* Build configuration list for PBXNativeTarget "Polimorfismo" */;
			buildPhases = (
				FADFED512547CA7E00097BD9 /* Sources */,
				FADFED522547CA7E00097BD9 /* Frameworks */,
				FADFED532547CA7E00097BD9 /* Resources */,
			);
			buildRules = (
			);
			dependencies = (
			);
			name = Polimorfismo;
			productName = Polimorfismo;
			productReference = FADFED552547CA7E00097BD9 /* Polimorfismo.app */;
			productType = "com.apple.product-type.application";
		};
/* End PBXNativeTarget section */

/* Begin PBXProject section */
		FADFED4D2547CA7E00097BD9 /* Project object */ = {
			isa = PBXProject;
			attributes = {
				LastSwiftUpdateCheck = 1210;
				LastUpgradeCheck = 1210;
				TargetAttributes = {
					FADFED542547CA7E00097BD9 = {
						CreatedOnToolsVersion = 12.1;
					};
				};
			};
			buildConfigurationList = FADFED502547CA7E00097BD9 /* Build configuration list for PBXProject "Polimorfismo" */;
			compatibilityVersion = "Xcode 9.3";
			developmentRegion = en;
			hasScannedForEncodings = 0;
			knownRegions = (
				en,
				Base,
			);
			mainGroup = FADFED4C2547CA7E00097BD9;
			productRefGroup = FADFED562547CA7E00097BD9 /* Products */;
			projectDirPath = "";
			projectRoot = "";
			targets = (
				FADFED542547CA7E00097BD9 /* Polimorfismo */,
			);
		};
/* End PBXProject section */

/* Begin PBXResourcesBuildPhase section */
		FADFED532547CA7E00097BD9 /* Resources */ = {
			isa = PBXResourcesBuildPhase;
			buildActionMask = 2147483647;
			files = (
				FADFED652547CA7E00097BD9 /* LaunchScreen.storyboard in Resources */,
				FADFED622547CA7E00097BD9 /* Assets.xcassets in Resources */,
				FADFED602547CA7E00097BD9 /* Main.storyboard in Resources */,
			);
			runOnlyForDeploymentPostprocessing = 0;
		};
/* End PBXResourcesBuildPhase section */

/* Begin PBXSourcesBuildPhase section */
		FADFED512547CA7E00097BD9 /* Sources */ = {
			isa = PBXSourcesBuildPhase;
			buildActionMask = 2147483647;
			files = (
				FADFED5D2547CA7E00097BD9 /* ViewController.swift in Sources */,
				FADFED752547D33800097BD9 /* Cow.swift in Sources */,
				FADFED6F2547D2E500097BD9 /* Animal.swift in Sources */,
				FADFED722547D31300097BD9 /* Cat.swift in Sources */,
				FADFED592547CA7E00097BD9 /* AppDelegate.swift in Sources */,
				FADFED5B2547CA7E00097BD9 /* SceneDelegate.swift in Sources */,
			);
			runOnlyForDeploymentPostprocessing = 0;
		};
/* End PBXSourcesBuildPhase section */

/* Begin PBXVariantGroup section */
		FADFED5E2547CA7E00097BD9 /* Main.storyboard */ = {
			isa = PBXVariantGroup;
			children = (
				FADFED5F2547CA7E00097BD9 /* Base */,
			);
			name = Main.storyboard;
			sourceTree = "<group>";
		};
		FADFED632547CA7E00097BD9 /* LaunchScreen.storyboard */ = {
			isa = PBXVariantGroup;
			children = (
				FADFED642547CA7E00097BD9 /* Base */,
			);
			name = LaunchScreen.storyboard;
			sourceTree = "<group>";
		};
/* End PBXVariantGroup section */

/* Begin XCBuildConfiguration section */
		FADFED672547CA7E00097BD9 /* Debug */ = {
			isa = XCBuildConfiguration;
			buildSettings = {
				ALWAYS_SEARCH_USER_PATHS = NO;
				CLANG_ANALYZER_NONNULL = YES;
				CLANG_ANALYZER_NUMBER_OBJECT_CONVERSION = YES_AGGRESSIVE;
				CLANG_CXX_LANGUAGE_STANDARD = "gnu++14";
				CLANG_CXX_LIBRARY = "libc++";
				CLANG_ENABLE_MODULES = YES;
				CLANG_ENABLE_OBJC_ARC = YES;
				CLANG_ENABLE_OBJC_WEAK = YES;
				CLANG_WARN_BLOCK_CAPTURE_AUTORELEASING = YES;
				CLANG_WARN_BOOL_CONVERSION = YES;
				CLANG_WARN_COMMA = YES;
				CLANG_WARN_CONSTANT_CONVERSION = YES;
				CLANG_WARN_DEPRECATED_OBJC_IMPLEMENTATIONS = YES;
				CLANG_WARN_DIRECT_OBJC_ISA_USAGE = YES_ERROR;
				CLANG_WARN_DOCUMENTATION_COMMENTS = YES;
				CLANG_WARN_EMPTY_BODY = YES;
				CLANG_WARN_ENUM_CONVERSION = YES;
				CLANG_WARN_INFINITE_RECURSION = YES;
				CLANG_WARN_INT_CONVERSION = YES;
				CLANG_WARN_NON_LITERAL_NULL_CONVERSION = YES;
				CLANG_WARN_OBJC_IMPLICIT_RETAIN_SELF = YES;
				CLANG_WARN_OBJC_LITERAL_CONVERSION = YES;
				CLANG_WARN_OBJC_ROOT_CLASS = YES_ERROR;
				CLANG_WARN_QUOTED_INCLUDE_IN_FRAMEWORK_HEADER = YES;
				CLANG_WARN_RANGE_LOOP_ANALYSIS = YES;
				CLANG_WARN_STRICT_PROTOTYPES = YES;
				CLANG_WARN_SUSPICIOUS_MOVE = YES;
				CLANG_WARN_UNGUARDED_AVAILABILITY = YES_AGGRESSIVE;
				CLANG_WARN_UNREACHABLE_CODE = YES;
				CLANG_WARN__DUPLICATE_METHOD_MATCH = YES;
				COPY_PHASE_STRIP = NO;
				DEBUG_INFORMATION_FORMAT = dwarf;
				ENABLE_STRICT_OBJC_MSGSEND = YES;
				ENABLE_TESTABILITY = YES;
				GCC_C_LANGUAGE_STANDARD = gnu11;
				GCC_DYNAMIC_NO_PIC = NO;
				GCC_NO_COMMON_BLOCKS = YES;
				GCC_OPTIMIZATION_LEVEL = 0;
				GCC_PREPROCESSOR_DEFINITIONS = (
					"DEBUG=1",
					"$(inherited)",
				);
				GCC_WARN_64_TO_32_BIT_CONVERSION = YES;
				GCC_WARN_ABOUT_RETURN_TYPE = YES_ERROR;
				GCC_WARN_UNDECLARED_SELECTOR = YES;
				GCC_WARN_UNINITIALIZED_AUTOS = YES_AGGRESSIVE;
				GCC_WARN_UNUSED_FUNCTION = YES;
				GCC_WARN_UNUSED_VARIABLE = YES;
				IPHONEOS_DEPLOYMENT_TARGET = 14.1;
				MTL_ENABLE_DEBUG_INFO = INCLUDE_SOURCE;
				MTL_FAST_MATH = YES;
				ONLY_ACTIVE_ARCH = YES;
				SDKROOT = iphoneos;
				SWIFT_ACTIVE_COMPILATION_CONDITIONS = DEBUG;
				SWIFT_OPTIMIZATION_LEVEL = "-Onone";
			};
			name = Debug;
		};
		FADFED682547CA7E00097BD9 /* Release */ = {
			isa = XCBuildConfiguration;
			buildSettings = {
				ALWAYS_SEARCH_USER_PATHS = NO;
				CLANG_ANALYZER_NONNULL = YES;
				CLANG_ANALYZER_NUMBER_OBJECT_CONVERSION = YES_AGGRESSIVE;
				CLANG_CXX_LANGUAGE_STANDARD = "gnu++14";
				CLANG_CXX_LIBRARY = "libc++";
				CLANG_ENABLE_MODULES = YES;
				CLANG_ENABLE_OBJC_ARC = YES;
				CLANG_ENABLE_OBJC_WEAK = YES;
				CLANG_WARN_BLOCK_CAPTURE_AUTORELEASING = YES;
				CLANG_WARN_BOOL_CONVERSION = YES;
				CLANG_WARN_COMMA = YES;
				CLANG_WARN_CONSTANT_CONVERSION = YES;
				CLANG_WARN_DEPRECATED_OBJC_IMPLEMENTATIONS = YES;
				CLANG_WARN_DIRECT_OBJC_ISA_USAGE = YES_ERROR;
				CLANG_WARN_DOCUMENTATION_COMMENTS = YES;
				CLANG_WARN_EMPTY_BODY = YES;
				CLANG_WARN_ENUM_CONVERSION = YES;
				CLANG_WARN_INFINITE_RECURSION = YES;
				CLANG_WARN_INT_CONVERSION = YES;
				CLANG_WARN_NON_LITERAL_NULL_CONVERSION = YES;
				CLANG_WARN_OBJC_IMPLICIT_RETAIN_SELF = YES;
				CLANG_WARN_OBJC_LITERAL_CONVERSION = YES;
				CLANG_WARN_OBJC_ROOT_CLASS = YES_ERROR;
				CLANG_WARN_QUOTED_INCLUDE_IN_FRAMEWORK_HEADER = YES;
				CLANG_WARN_RANGE_LOOP_ANALYSIS = YES;
				CLANG_WARN_STRICT_PROTOTYPES = YES;
				CLANG_WARN_SUSPICIOUS_MOVE = YES;
				CLANG_WARN_UNGUARDED_AVAILABILITY = YES_AGGRESSIVE;
				CLANG_WARN_UNREACHABLE_CODE = YES;
				CLANG_WARN__DUPLICATE_METHOD_MATCH = YES;
				COPY_PHASE_STRIP = NO;
				DEBUG_INFORMATION_FORMAT = "dwarf-with-dsym";
				ENABLE_NS_ASSERTIONS = NO;
				ENABLE_STRICT_OBJC_MSGSEND = YES;
				GCC_C_LANGUAGE_STANDARD = gnu11;
				GCC_NO_COMMON_BLOCKS = YES;
				GCC_WARN_64_TO_32_BIT_CONVERSION = YES;
				GCC_WARN_ABOUT_RETURN_TYPE = YES_ERROR;
				GCC_WARN_UNDECLARED_SELECTOR = YES;
				GCC_WARN_UNINITIALIZED_AUTOS = YES_AGGRESSIVE;
				GCC_WARN_UNUSED_FUNCTION = YES;
				GCC_WARN_UNUSED_VARIABLE = YES;
				IPHONEOS_DEPLOYMENT_TARGET = 14.1;
				MTL_ENABLE_DEBUG_INFO = NO;
				MTL_FAST_MATH = YES;
				SDKROOT = iphoneos;
				SWIFT_COMPILATION_MODE = wholemodule;
				SWIFT_OPTIMIZATION_LEVEL = "-O";
				VALIDATE_PRODUCT = YES;
			};
			name = Release;
		};
		FADFED6A2547CA7E00097BD9 /* Debug */ = {
			isa = XCBuildConfiguration;
			buildSettings = {
				ASSETCATALOG_COMPILER_APPICON_NAME = AppIcon;
				ASSETCATALOG_COMPILER_GLOBAL_ACCENT_COLOR_NAME = AccentColor;
				CODE_SIGN_STYLE = Automatic;
				INFOPLIST_FILE = Polimorfismo/Info.plist;
				LD_RUNPATH_SEARCH_PATHS = (
					"$(inherited)",
					"@executable_path/Frameworks",
				);
				PRODUCT_BUNDLE_IDENTIFIER = "Digital-House.Polimorfismo";
				PRODUCT_NAME = "$(TARGET_NAME)";
				SWIFT_VERSION = 5.0;
				TARGETED_DEVICE_FAMILY = "1,2";
			};
			name = Debug;
		};
		FADFED6B2547CA7E00097BD9 /* Release */ = {
			isa = XCBuildConfiguration;
			buildSettings = {
				ASSETCATALOG_COMPILER_APPICON_NAME = AppIcon;
				ASSETCATALOG_COMPILER_GLOBAL_ACCENT_COLOR_NAME = AccentColor;
				CODE_SIGN_STYLE = Automatic;
				INFOPLIST_FILE = Polimorfismo/Info.plist;
				LD_RUNPATH_SEARCH_PATHS = (
					"$(inherited)",
					"@executable_path/Frameworks",
				);
				PRODUCT_BUNDLE_IDENTIFIER = "Digital-House.Polimorfismo";
				PRODUCT_NAME = "$(TARGET_NAME)";
				SWIFT_VERSION = 5.0;
				TARGETED_DEVICE_FAMILY = "1,2";
			};
			name = Release;
		};
/* End XCBuildConfiguration section */

/* Begin XCConfigurationList section */
		FADFED502547CA7E00097BD9 /* Build configuration list for PBXProject "Polimorfismo" */ = {
			isa = XCConfigurationList;
			buildConfigurations = (
				FADFED672547CA7E00097BD9 /* Debug */,
				FADFED682547CA7E00097BD9 /* Release */,
			);
			defaultConfigurationIsVisible = 0;
			defaultConfigurationName = Release;
		};
		FADFED692547CA7E00097BD9 /* Build configuration list for PBXNativeTarget "Polimorfismo" */ = {
			isa = XCConfigurationList;
			buildConfigurations = (
				FADFED6A2547CA7E00097BD9 /* Debug */,
				FADFED6B2547CA7E00097BD9 /* Release */,
			);
			defaultConfigurationIsVisible = 0;
			defaultConfigurationName = Release;
		};
/* End XCConfigurationList section */
	};
	rootObject = FADFED4D2547CA7E00097BD9 /* Project object */;
}
